
Microsoft Visual Studio Solution File, Format Version 12.00
# Visual Studio 14
VisualStudioVersion = 14.0.25420.1
MinimumVisualStudioVersion = 10.0.40219.1
Project("{FAE04EC0-301F-11D3-BF4B-00C04F79EFBC}") = "hello", "hello\hello.csproj", "{351EB961-B56F-4EB1-8E63-D1546399F8A0}"
EndProject
Project("{FAE04EC0-301F-11D3-BF4B-00C04F79EFBC}") = "002", "002\002.csproj", "{F62FF068-753D-452C-83CF-0A9F150E2D0B}"
EndProject
Project("{FAE04EC0-301F-11D3-BF4B-00C04F79EFBC}") = "003变量类型", "003变量类型\003变量类型.csproj", "{BA9DACE5-5F7D-452B-8BB1-8C6AA4DDF9A4}"
EndProject
Project("{FAE04EC0-301F-11D3-BF4B-00C04F79EFBC}") = "004", "004\004.csproj", "{696C1A96-EBAF-4595-8E15-CBAEA2044779}"
EndProject
Project("{FAE04EC0-301F-11D3-BF4B-00C04F79EFBC}") = "005 @", "005 @\005 @.csproj", "{C9009000-6092-4F1E-9376-2871EE541F99}"
EndProject
Project("{FAE04EC0-301F-11D3-BF4B-00C04F79EFBC}") = "006", "006\006.csproj", "{00FFD71E-A364-4243-BADB-E80A0956BB39}"
EndProject
Project("{FAE04EC0-301F-11D3-BF4B-00C04F79EFBC}") = "008", "008\008.csproj", "{B70AEC5C-00E2-4C8A-83C7-CE687507CC41}"
EndProject
Project("{FAE04EC0-301F-11D3-BF4B-00C04F79EFBC}") = "009", "009\009.csproj", "{BFAE2B4E-0D13-4753-AF24-B6A1538751E1}"
EndProject
Project("{FAE04EC0-301F-11D3-BF4B-00C04F79EFBC}") = "练习1", "练习\练习1.csproj", "{2023B1A0-D9B6-4956-9CED-736FE967E88E}"
EndProject
Project("{FAE04EC0-301F-11D3-BF4B-00C04F79EFBC}") = "练习3", "练习3\练习3.csproj", "{24E90865-1AFC-4468-A6F9-4AEB3429A195}"
EndProject
Project("{FAE04EC0-301F-11D3-BF4B-00C04F79EFBC}") = "ip", "ip\ip.csproj", "{05117F94-ED1C-4A54-AC69-5C0C4BD09110}"
EndProject
Project("{FAE04EC0-301F-11D3-BF4B-00C04F79EFBC}") = "010", "010\010.csproj", "{AACEDEDC-AD6C-4952-8600-E2CA6971389C}"
EndProject
Project("{FAE04EC0-301F-11D3-BF4B-00C04F79EFBC}") = "011布尔运算", "011布尔运算\011布尔运算.csproj", "{7093CB07-3BBE-489C-A7A2-D6A3A8DE3168}"
EndProject
Project("{FAE04EC0-301F-11D3-BF4B-00C04F79EFBC}") = "012 goto", "012 goto\012 goto.csproj", "{16A31042-9D07-4A0A-AB76-C5780AD1437F}"
EndProject
Project("{FAE04EC0-301F-11D3-BF4B-00C04F79EFBC}") = "013 if", "013 if\013 if.csproj", "{A5231E2E-9C31-4E87-A8A3-D05A775A3A8D}"
EndProject
Project("{FAE04EC0-301F-11D3-BF4B-00C04F79EFBC}") = "013三元运算", "013三元运算\013三元运算.csproj", "{F894D627-54E0-433A-808B-4BAC6FF868A2}"
EndProject
Project("{FAE04EC0-301F-11D3-BF4B-00C04F79EFBC}") = "练习4（if else）", "练习4（if else）\练习4（if else）.csproj", "{8C98DE4B-DF1C-4F92-962C-469E0B58C57A}"
EndProject
Project("{FAE04EC0-301F-11D3-BF4B-00C04F79EFBC}") = "014 switch", "014 switch\014 switch.csproj", "{74F410D3-3E62-4B82-B38C-9631C460E671}"
EndProject
Global
	GlobalSection(SolutionConfigurationPlatforms) = preSolution
		Debug|Any CPU = Debug|Any CPU
		Release|Any CPU = Release|Any CPU
	EndGlobalSection
	GlobalSection(ProjectConfigurationPlatforms) = postSolution
		{351EB961-B56F-4EB1-8E63-D1546399F8A0}.Debug|Any CPU.ActiveCfg = Debug|Any CPU
		{351EB961-B56F-4EB1-8E63-D1546399F8A0}.Debug|Any CPU.Build.0 = Debug|Any CPU
		{351EB961-B56F-4EB1-8E63-D1546399F8A0}.Release|Any CPU.ActiveCfg = Release|Any CPU
		{351EB961-B56F-4EB1-8E63-D1546399F8A0}.Release|Any CPU.Build.0 = Release|Any CPU
		{F62FF068-753D-452C-83CF-0A9F150E2D0B}.Debug|Any CPU.ActiveCfg = Debug|Any CPU
		{F62FF068-753D-452C-83CF-0A9F150E2D0B}.Debug|Any CPU.Build.0 = Debug|Any CPU
		{F62FF068-753D-452C-83CF-0A9F150E2D0B}.Release|Any CPU.ActiveCfg = Release|Any CPU
		{F62FF068-753D-452C-83CF-0A9F150E2D0B}.Release|Any CPU.Build.0 = Release|Any CPU
		{BA9DACE5-5F7D-452B-8BB1-8C6AA4DDF9A4}.Debug|Any CPU.ActiveCfg = Debug|Any CPU
		{BA9DACE5-5F7D-452B-8BB1-8C6AA4DDF9A4}.Debug|Any CPU.Build.0 = Debug|Any CPU
		{BA9DACE5-5F7D-452B-8BB1-8C6AA4DDF9A4}.Release|Any CPU.ActiveCfg = Release|Any CPU
		{BA9DACE5-5F7D-452B-8BB1-8C6AA4DDF9A4}.Release|Any CPU.Build.0 = Release|Any CPU
		{696C1A96-EBAF-4595-8E15-CBAEA2044779}.Debug|Any CPU.ActiveCfg = Debug|Any CPU
		{696C1A96-EBAF-4595-8E15-CBAEA2044779}.Debug|Any CPU.Build.0 = Debug|Any CPU
		{696C1A96-EBAF-4595-8E15-CBAEA2044779}.Release|Any CPU.ActiveCfg = Release|Any CPU
		{696C1A96-EBAF-4595-8E15-CBAEA2044779}.Release|Any CPU.Build.0 = Release|Any CPU
		{C9009000-6092-4F1E-9376-2871EE541F99}.Debug|Any CPU.ActiveCfg = Debug|Any CPU
		{C9009000-6092-4F1E-9376-2871EE541F99}.Debug|Any CPU.Build.0 = Debug|Any CPU
		{C9009000-6092-4F1E-9376-2871EE541F99}.Release|Any CPU.ActiveCfg = Release|Any CPU
		{C9009000-6092-4F1E-9376-2871EE541F99}.Release|Any CPU.Build.0 = Release|Any CPU
		{00FFD71E-A364-4243-BADB-E80A0956BB39}.Debug|Any CPU.ActiveCfg = Debug|Any CPU
		{00FFD71E-A364-4243-BADB-E80A0956BB39}.Debug|Any CPU.Build.0 = Debug|Any CPU
		{00FFD71E-A364-4243-BADB-E80A0956BB39}.Release|Any CPU.ActiveCfg = Release|Any CPU
		{00FFD71E-A364-4243-BADB-E80A0956BB39}.Release|Any CPU.Build.0 = Release|Any CPU
		{B70AEC5C-00E2-4C8A-83C7-CE687507CC41}.Debug|Any CPU.ActiveCfg = Debug|Any CPU
		{B70AEC5C-00E2-4C8A-83C7-CE687507CC41}.Debug|Any CPU.Build.0 = Debug|Any CPU
		{B70AEC5C-00E2-4C8A-83C7-CE687507CC41}.Release|Any CPU.ActiveCfg = Release|Any CPU
		{B70AEC5C-00E2-4C8A-83C7-CE687507CC41}.Release|Any CPU.Build.0 = Release|Any CPU
		{BFAE2B4E-0D13-4753-AF24-B6A1538751E1}.Debug|Any CPU.ActiveCfg = Debug|Any CPU
		{BFAE2B4E-0D13-4753-AF24-B6A1538751E1}.Debug|Any CPU.Build.0 = Debug|Any CPU
		{BFAE2B4E-0D13-4753-AF24-B6A1538751E1}.Release|Any CPU.ActiveCfg = Release|Any CPU
		{BFAE2B4E-0D13-4753-AF24-B6A1538751E1}.Release|Any CPU.Build.0 = Release|Any CPU
		{2023B1A0-D9B6-4956-9CED-736FE967E88E}.Debug|Any CPU.ActiveCfg = Debug|Any CPU
		{2023B1A0-D9B6-4956-9CED-736FE967E88E}.Debug|Any CPU.Build.0 = Debug|Any CPU
		{2023B1A0-D9B6-4956-9CED-736FE967E88E}.Release|Any CPU.ActiveCfg = Release|Any CPU
		{2023B1A0-D9B6-4956-9CED-736FE967E88E}.Release|Any CPU.Build.0 = Release|Any CPU
		{24E90865-1AFC-4468-A6F9-4AEB3429A195}.Debug|Any CPU.ActiveCfg = Debug|Any CPU
		{24E90865-1AFC-4468-A6F9-4AEB3429A195}.Debug|Any CPU.Build.0 = Debug|Any CPU
		{24E90865-1AFC-4468-A6F9-4AEB3429A195}.Release|Any CPU.ActiveCfg = Release|Any CPU
		{24E90865-1AFC-4468-A6F9-4AEB3429A195}.Release|Any CPU.Build.0 = Release|Any CPU
		{05117F94-ED1C-4A54-AC69-5C0C4BD09110}.Debug|Any CPU.ActiveCfg = Debug|Any CPU
		{05117F94-ED1C-4A54-AC69-5C0C4BD09110}.Debug|Any CPU.Build.0 = Debug|Any CPU
		{05117F94-ED1C-4A54-AC69-5C0C4BD09110}.Release|Any CPU.ActiveCfg = Release|Any CPU
		{05117F94-ED1C-4A54-AC69-5C0C4BD09110}.Release|Any CPU.Build.0 = Release|Any CPU
		{AACEDEDC-AD6C-4952-8600-E2CA6971389C}.Debug|Any CPU.ActiveCfg = Debug|Any CPU
		{AACEDEDC-AD6C-4952-8600-E2CA6971389C}.Debug|Any CPU.Build.0 = Debug|Any CPU
		{AACEDEDC-AD6C-4952-8600-E2CA6971389C}.Release|Any CPU.ActiveCfg = Release|Any CPU
		{AACEDEDC-AD6C-4952-8600-E2CA6971389C}.Release|Any CPU.Build.0 = Release|Any CPU
		{7093CB07-3BBE-489C-A7A2-D6A3A8DE3168}.Debug|Any CPU.ActiveCfg = Debug|Any CPU
		{7093CB07-3BBE-489C-A7A2-D6A3A8DE3168}.Debug|Any CPU.Build.0 = Debug|Any CPU
		{7093CB07-3BBE-489C-A7A2-D6A3A8DE3168}.Release|Any CPU.ActiveCfg = Release|Any CPU
		{7093CB07-3BBE-489C-A7A2-D6A3A8DE3168}.Release|Any CPU.Build.0 = Release|Any CPU
		{16A31042-9D07-4A0A-AB76-C5780AD1437F}.Debug|Any CPU.ActiveCfg = Debug|Any CPU
		{16A31042-9D07-4A0A-AB76-C5780AD1437F}.Debug|Any CPU.Build.0 = Debug|Any CPU
		{16A31042-9D07-4A0A-AB76-C5780AD1437F}.Release|Any CPU.ActiveCfg = Release|Any CPU
		{16A31042-9D07-4A0A-AB76-C5780AD1437F}.Release|Any CPU.Build.0 = Release|Any CPU
		{A5231E2E-9C31-4E87-A8A3-D05A775A3A8D}.Debug|Any CPU.ActiveCfg = Debug|Any CPU
		{A5231E2E-9C31-4E87-A8A3-D05A775A3A8D}.Debug|Any CPU.Build.0 = Debug|Any CPU
		{A5231E2E-9C31-4E87-A8A3-D05A775A3A8D}.Release|Any CPU.ActiveCfg = Release|Any CPU
		{A5231E2E-9C31-4E87-A8A3-D05A775A3A8D}.Release|Any CPU.Build.0 = Release|Any CPU
		{F894D627-54E0-433A-808B-4BAC6FF868A2}.Debug|Any CPU.ActiveCfg = Debug|Any CPU
		{F894D627-54E0-433A-808B-4BAC6FF868A2}.Debug|Any CPU.Build.0 = Debug|Any CPU
		{F894D627-54E0-433A-808B-4BAC6FF868A2}.Release|Any CPU.ActiveCfg = Release|Any CPU
		{F894D627-54E0-433A-808B-4BAC6FF868A2}.Release|Any CPU.Build.0 = Release|Any CPU
		{8C98DE4B-DF1C-4F92-962C-469E0B58C57A}.Debug|Any CPU.ActiveCfg = Debug|Any CPU
		{8C98DE4B-DF1C-4F92-962C-469E0B58C57A}.Debug|Any CPU.Build.0 = Debug|Any CPU
		{8C98DE4B-DF1C-4F92-962C-469E0B58C57A}.Release|Any CPU.ActiveCfg = Release|Any CPU
		{8C98DE4B-DF1C-4F92-962C-469E0B58C57A}.Release|Any CPU.Build.0 = Release|Any CPU
		{74F410D3-3E62-4B82-B38C-9631C460E671}.Debug|Any CPU.ActiveCfg = Debug|Any CPU
		{74F410D3-3E62-4B82-B38C-9631C460E671}.Debug|Any CPU.Build.0 = Debug|Any CPU
		{74F410D3-3E62-4B82-B38C-9631C460E671}.Release|Any CPU.ActiveCfg = Release|Any CPU
		{74F410D3-3E62-4B82-B38C-9631C460E671}.Release|Any CPU.Build.0 = Release|Any CPU
	EndGlobalSection
	GlobalSection(SolutionProperties) = preSolution
		HideSolutionNode = FALSE
	EndGlobalSection
EndGlobal
